// !$*UTF8*$!
{
	archiveVersion = 1;
	classes = {
	};
	objectVersion = 56;
	objects = {

/* Begin PBXBuildFile section */
		96939EB92B1179A800D06BFC /* StampExerciseScreen.swift in Sources */ = {isa = PBXBuildFile; fileRef = 96939EB82B1179A800D06BFC /* StampExerciseScreen.swift */; };
		C02AC4302AD88E61006C4422 /* OnboardingData.swift in Sources */ = {isa = PBXBuildFile; fileRef = C02AC42F2AD88E61006C4422 /* OnboardingData.swift */; };
		C02D093E2A3B979200B5FA54 /* Barlow-LightItalic.ttf in Resources */ = {isa = PBXBuildFile; fileRef = C02D093D2A3B979200B5FA54 /* Barlow-LightItalic.ttf */; };
		C02D09422A3BA23100B5FA54 /* LoginScreen.swift in Sources */ = {isa = PBXBuildFile; fileRef = C02D09412A3BA23100B5FA54 /* LoginScreen.swift */; };
		C02D09442A3BA87000B5FA54 /* LoginInputView.swift in Sources */ = {isa = PBXBuildFile; fileRef = C02D09432A3BA87000B5FA54 /* LoginInputView.swift */; };
		C04274BC2AD4759000261C74 /* TextBubbleView.swift in Sources */ = {isa = PBXBuildFile; fileRef = C04274BB2AD4759000261C74 /* TextBubbleView.swift */; };
		C04274BE2AD475A900261C74 /* OptionBubbleView.swift in Sources */ = {isa = PBXBuildFile; fileRef = C04274BD2AD475A900261C74 /* OptionBubbleView.swift */; };
		C04274C02AD475B700261C74 /* ResponseBubbleView.swift in Sources */ = {isa = PBXBuildFile; fileRef = C04274BF2AD475B700261C74 /* ResponseBubbleView.swift */; };
		C04274C22AD475C700261C74 /* AudioBubbleView.swift in Sources */ = {isa = PBXBuildFile; fileRef = C04274C12AD475C700261C74 /* AudioBubbleView.swift */; };
		C04896112B0D7AAC00C26E39 /* NavigateExtension.swift in Sources */ = {isa = PBXBuildFile; fileRef = C04896102B0D7AAC00C26E39 /* NavigateExtension.swift */; };
		C054804A2B16BDE400AA5D5D /* CatMeow.mp3 in Resources */ = {isa = PBXBuildFile; fileRef = C05480492B16BDE300AA5D5D /* CatMeow.mp3 */; };
		C057F88C2ACF2D2400AC0814 /* TitleScreen.swift in Sources */ = {isa = PBXBuildFile; fileRef = C057F88B2ACF2D2400AC0814 /* TitleScreen.swift */; };
		C05C76BB2AE890DA00698C4F /* ImageBubbleView.swift in Sources */ = {isa = PBXBuildFile; fileRef = C05C76BA2AE890DA00698C4F /* ImageBubbleView.swift */; };
		C05C76BD2AE8989400698C4F /* UnderlinedWordsBlurView.swift in Sources */ = {isa = PBXBuildFile; fileRef = C05C76BC2AE8989400698C4F /* UnderlinedWordsBlurView.swift */; };
		C05C76BF2AE89AD900698C4F /* Barlow-SemiBoldItalic.ttf in Resources */ = {isa = PBXBuildFile; fileRef = C05C76BE2AE89AD900698C4F /* Barlow-SemiBoldItalic.ttf */; };
		C06EA4202A38DF3C00DF427E /* RoundedCorner.swift in Sources */ = {isa = PBXBuildFile; fileRef = C06EA41F2A38DF3C00DF427E /* RoundedCorner.swift */; };
		C08AE7352ADE01DF0009B42F /* TranslationBubbleView.swift in Sources */ = {isa = PBXBuildFile; fileRef = C08AE7342ADE01DF0009B42F /* TranslationBubbleView.swift */; };
		C0A560522AD1EBD500EF99A9 /* Barlow-Medium.ttf in Resources */ = {isa = PBXBuildFile; fileRef = C0A560512AD1EBD400EF99A9 /* Barlow-Medium.ttf */; };
		C0A560552AD1F35800EF99A9 /* MainChatBubbleView.swift in Sources */ = {isa = PBXBuildFile; fileRef = C0A560542AD1F35800EF99A9 /* MainChatBubbleView.swift */; };
		C0A560572AD2005700EF99A9 /* BubbleContent.swift in Sources */ = {isa = PBXBuildFile; fileRef = C0A560562AD2005700EF99A9 /* BubbleContent.swift */; };
		C0A62CA72A7D810300CDFA0F /* CatChatBubble.swift in Sources */ = {isa = PBXBuildFile; fileRef = C0A62CA62A7D810300CDFA0F /* CatChatBubble.swift */; };
		C0A62CAA2A7D82B100CDFA0F /* ChatTextInput.swift in Sources */ = {isa = PBXBuildFile; fileRef = C0A62CA92A7D82B100CDFA0F /* ChatTextInput.swift */; };
		C0A62CAC2A7D838300CDFA0F /* BasicSans-Black.otf in Resources */ = {isa = PBXBuildFile; fileRef = C0A62CAB2A7D838300CDFA0F /* BasicSans-Black.otf */; };
		C0B0BD462AF96E4B007CF121 /* OvalTextFieldStyle.swift in Sources */ = {isa = PBXBuildFile; fileRef = C0B0BD452AF96E4B007CF121 /* OvalTextFieldStyle.swift */; };
		C0B5E8D32A92A18F0026FBB1 /* LaunchScreen.storyboard in Resources */ = {isa = PBXBuildFile; fileRef = C0B5E8D22A92A18F0026FBB1 /* LaunchScreen.storyboard */; };
		C0B5E8D52A92B1480026FBB1 /* CatOrHumanBubble.swift in Sources */ = {isa = PBXBuildFile; fileRef = C0B5E8D42A92B1480026FBB1 /* CatOrHumanBubble.swift */; };
		C0B5E8D72A92B3FF0026FBB1 /* RoundButton.swift in Sources */ = {isa = PBXBuildFile; fileRef = C0B5E8D62A92B3FF0026FBB1 /* RoundButton.swift */; };
		C0B83F6D2A312B340096003B /* JarriveApp.swift in Sources */ = {isa = PBXBuildFile; fileRef = C0B83F6C2A312B340096003B /* JarriveApp.swift */; };
		C0B83F6F2A312B340096003B /* StampsView.swift in Sources */ = {isa = PBXBuildFile; fileRef = C0B83F6E2A312B340096003B /* StampsView.swift */; };
		C0B83F712A312B370096003B /* Assets.xcassets in Resources */ = {isa = PBXBuildFile; fileRef = C0B83F702A312B370096003B /* Assets.xcassets */; };
		C0B83F742A312B370096003B /* Preview Assets.xcassets in Resources */ = {isa = PBXBuildFile; fileRef = C0B83F732A312B370096003B /* Preview Assets.xcassets */; };
		C0B83F7E2A312B370096003B /* JarriveTests.swift in Sources */ = {isa = PBXBuildFile; fileRef = C0B83F7D2A312B370096003B /* JarriveTests.swift */; };
		C0B83F882A312B370096003B /* JarriveUITests.swift in Sources */ = {isa = PBXBuildFile; fileRef = C0B83F872A312B370096003B /* JarriveUITests.swift */; };
		C0B83F8A2A312B370096003B /* JarriveUITestsLaunchTests.swift in Sources */ = {isa = PBXBuildFile; fileRef = C0B83F892A312B370096003B /* JarriveUITestsLaunchTests.swift */; };
		C0B83F9C2A3130DD0096003B /* TicketsView.swift in Sources */ = {isa = PBXBuildFile; fileRef = C0B83F9B2A3130DD0096003B /* TicketsView.swift */; };
		C0B83F9E2A3130F00096003B /* PostcardsView.swift in Sources */ = {isa = PBXBuildFile; fileRef = C0B83F9D2A3130F00096003B /* PostcardsView.swift */; };
		C0B83FA22A3131230096003B /* TicketView.swift in Sources */ = {isa = PBXBuildFile; fileRef = C0B83FA12A3131230096003B /* TicketView.swift */; };
		C0B83FA42A3131A30096003B /* LevelIntroView.swift in Sources */ = {isa = PBXBuildFile; fileRef = C0B83FA32A3131A30096003B /* LevelIntroView.swift */; };
		C0B83FA62A3131B60096003B /* LevelView.swift in Sources */ = {isa = PBXBuildFile; fileRef = C0B83FA52A3131B60096003B /* LevelView.swift */; };
		C0B83FA82A3131CE0096003B /* PostcardView.swift in Sources */ = {isa = PBXBuildFile; fileRef = C0B83FA72A3131CE0096003B /* PostcardView.swift */; };
		C0B83FAA2A3131E00096003B /* StampView.swift in Sources */ = {isa = PBXBuildFile; fileRef = C0B83FA92A3131E00096003B /* StampView.swift */; };
		C0C1C7472A4CC32C00E1A54F /* FirebaseAuth in Frameworks */ = {isa = PBXBuildFile; productRef = C0C1C7462A4CC32C00E1A54F /* FirebaseAuth */; };
		C0C1C74A2A4CC5FE00E1A54F /* GoogleService-Info.plist in Resources */ = {isa = PBXBuildFile; fileRef = C0C1C7492A4CC5FE00E1A54F /* GoogleService-Info.plist */; };
		C0C1C74B2A4CC5FE00E1A54F /* GoogleService-Info.plist in Resources */ = {isa = PBXBuildFile; fileRef = C0C1C7492A4CC5FE00E1A54F /* GoogleService-Info.plist */; };
		C0C1C74C2A4CC5FE00E1A54F /* GoogleService-Info.plist in Resources */ = {isa = PBXBuildFile; fileRef = C0C1C7492A4CC5FE00E1A54F /* GoogleService-Info.plist */; };
		C0D834C42B0927F000A43175 /* PostcardScreen.swift in Sources */ = {isa = PBXBuildFile; fileRef = C0D834C32B0927F000A43175 /* PostcardScreen.swift */; };
		C0D834C62B0929E000A43175 /* Bilbo-Regular.ttf in Resources */ = {isa = PBXBuildFile; fileRef = C0D834C52B0929E000A43175 /* Bilbo-Regular.ttf */; };
		C0D834C82B092C9D00A43175 /* PostcardData.swift in Sources */ = {isa = PBXBuildFile; fileRef = C0D834C72B092C9D00A43175 /* PostcardData.swift */; };
		C0D834CA2B092D3C00A43175 /* StampData.swift in Sources */ = {isa = PBXBuildFile; fileRef = C0D834C92B092D3C00A43175 /* StampData.swift */; };
		C0D834CC2B0931D600A43175 /* Postcard.swift in Sources */ = {isa = PBXBuildFile; fileRef = C0D834CB2B0931D600A43175 /* Postcard.swift */; };
		C0D834CE2B093B8500A43175 /* Barlow-Italic.ttf in Resources */ = {isa = PBXBuildFile; fileRef = C0D834CD2B093B8500A43175 /* Barlow-Italic.ttf */; };
		C0D834D22B093F2900A43175 /* Stamp.swift in Sources */ = {isa = PBXBuildFile; fileRef = C0D834CF2B093F2900A43175 /* Stamp.swift */; };
		C0D834D32B093F2900A43175 /* Station.swift in Sources */ = {isa = PBXBuildFile; fileRef = C0D834D02B093F2900A43175 /* Station.swift */; };
		C0D834D42B093F2900A43175 /* Route.swift in Sources */ = {isa = PBXBuildFile; fileRef = C0D834D12B093F2900A43175 /* Route.swift */; };
		C0D8FEF42AD0792A00FE5F41 /* OnboardingMainScreen.swift in Sources */ = {isa = PBXBuildFile; fileRef = C0D8FEF32AD0792A00FE5F41 /* OnboardingMainScreen.swift */; };
		C0D91C462A4CCC8D00080072 /* TicketViewModel.swift in Sources */ = {isa = PBXBuildFile; fileRef = C0D91C452A4CCC8D00080072 /* TicketViewModel.swift */; };
		C0D91C482A4CCCA100080072 /* AuthenticationViewModel.swift in Sources */ = {isa = PBXBuildFile; fileRef = C0D91C472A4CCCA100080072 /* AuthenticationViewModel.swift */; };
		C0D91C4B2A4CCD2000080072 /* GoogleSignIn in Frameworks */ = {isa = PBXBuildFile; productRef = C0D91C4A2A4CCD2000080072 /* GoogleSignIn */; };
		C0D91C4F2A4CD6DD00080072 /* GoogleSignInButton.swift in Sources */ = {isa = PBXBuildFile; fileRef = C0D91C4E2A4CD6DD00080072 /* GoogleSignInButton.swift */; };
		C0D91C512A4CD84900080072 /* ContentView.swift in Sources */ = {isa = PBXBuildFile; fileRef = C0D91C502A4CD84900080072 /* ContentView.swift */; };
		C0D91C532A4CD95900080072 /* NetworkImage.swift in Sources */ = {isa = PBXBuildFile; fileRef = C0D91C522A4CD95900080072 /* NetworkImage.swift */; };
		C0DEA4AC2A79846800C640BD /* InitialChatPage.swift in Sources */ = {isa = PBXBuildFile; fileRef = C0DEA4AB2A79846800C640BD /* InitialChatPage.swift */; };
		C0DEA4AE2A79886B00C640BD /* BasicSans-Regular.otf in Resources */ = {isa = PBXBuildFile; fileRef = C0DEA4AD2A79886B00C640BD /* BasicSans-Regular.otf */; };
		C0DEA4B02A798D2200C640BD /* PlayAudioButton.swift in Sources */ = {isa = PBXBuildFile; fileRef = C0DEA4AF2A798D2200C640BD /* PlayAudioButton.swift */; };
		C0DEA4B22A798E4500C640BD /* SuivantButton.swift in Sources */ = {isa = PBXBuildFile; fileRef = C0DEA4B12A798E4500C640BD /* SuivantButton.swift */; };
		C0DEA4B62A79BA4A00C640BD /* ChatPage.swift in Sources */ = {isa = PBXBuildFile; fileRef = C0DEA4B52A79BA4A00C640BD /* ChatPage.swift */; };
		C0E8BD982A9D644D008C4F57 /* Barlow-SemiBold.ttf in Resources */ = {isa = PBXBuildFile; fileRef = C0E8BD952A9D644C008C4F57 /* Barlow-SemiBold.ttf */; };
		C0E8BD992A9D644D008C4F57 /* Barlow-Bold.ttf in Resources */ = {isa = PBXBuildFile; fileRef = C0E8BD962A9D644D008C4F57 /* Barlow-Bold.ttf */; };
		C0E8BD9A2A9D644D008C4F57 /* Barlow-Regular.ttf in Resources */ = {isa = PBXBuildFile; fileRef = C0E8BD972A9D644D008C4F57 /* Barlow-Regular.ttf */; };
		C0E8BD9D2A9D7C4C008C4F57 /* GoogleAppleSignInButtons.swift in Sources */ = {isa = PBXBuildFile; fileRef = C0E8BD9C2A9D7C4C008C4F57 /* GoogleAppleSignInButtons.swift */; };
		C0EBBAE02A3A57F100001FCF /* BackButton.swift in Sources */ = {isa = PBXBuildFile; fileRef = C0EBBADF2A3A57F100001FCF /* BackButton.swift */; };
		C0EBBAE22A3A5E0F00001FCF /* ArrowButton.swift in Sources */ = {isa = PBXBuildFile; fileRef = C0EBBAE12A3A5E0F00001FCF /* ArrowButton.swift */; };
		C0EBBAE42A3A67E800001FCF /* Line.swift in Sources */ = {isa = PBXBuildFile; fileRef = C0EBBAE32A3A67E800001FCF /* Line.swift */; };
		C0F9B13C2A379A6D0046A21D /* MainTabView.swift in Sources */ = {isa = PBXBuildFile; fileRef = C0F9B13B2A379A6D0046A21D /* MainTabView.swift */; };
/* End PBXBuildFile section */

/* Begin PBXContainerItemProxy section */
		C0B83F7A2A312B370096003B /* PBXContainerItemProxy */ = {
			isa = PBXContainerItemProxy;
			containerPortal = C0B83F612A312B340096003B /* Project object */;
			proxyType = 1;
			remoteGlobalIDString = C0B83F682A312B340096003B;
			remoteInfo = Jarrive;
		};
		C0B83F842A312B370096003B /* PBXContainerItemProxy */ = {
			isa = PBXContainerItemProxy;
			containerPortal = C0B83F612A312B340096003B /* Project object */;
			proxyType = 1;
			remoteGlobalIDString = C0B83F682A312B340096003B;
			remoteInfo = Jarrive;
		};
/* End PBXContainerItemProxy section */

/* Begin PBXFileReference section */
		96939EB82B1179A800D06BFC /* StampExerciseScreen.swift */ = {isa = PBXFileReference; fileEncoding = 4; lastKnownFileType = sourcecode.swift; path = StampExerciseScreen.swift; sourceTree = "<group>"; };
		C02AC42F2AD88E61006C4422 /* OnboardingData.swift */ = {isa = PBXFileReference; lastKnownFileType = sourcecode.swift; path = OnboardingData.swift; sourceTree = "<group>"; };
		C02D093D2A3B979200B5FA54 /* Barlow-LightItalic.ttf */ = {isa = PBXFileReference; lastKnownFileType = file; path = "Barlow-LightItalic.ttf"; sourceTree = "<group>"; };
		C02D09412A3BA23100B5FA54 /* LoginScreen.swift */ = {isa = PBXFileReference; lastKnownFileType = sourcecode.swift; path = LoginScreen.swift; sourceTree = "<group>"; };
		C02D09432A3BA87000B5FA54 /* LoginInputView.swift */ = {isa = PBXFileReference; lastKnownFileType = sourcecode.swift; path = LoginInputView.swift; sourceTree = "<group>"; };
		C04274BB2AD4759000261C74 /* TextBubbleView.swift */ = {isa = PBXFileReference; lastKnownFileType = sourcecode.swift; path = TextBubbleView.swift; sourceTree = "<group>"; };
		C04274BD2AD475A900261C74 /* OptionBubbleView.swift */ = {isa = PBXFileReference; lastKnownFileType = sourcecode.swift; path = OptionBubbleView.swift; sourceTree = "<group>"; };
		C04274BF2AD475B700261C74 /* ResponseBubbleView.swift */ = {isa = PBXFileReference; lastKnownFileType = sourcecode.swift; path = ResponseBubbleView.swift; sourceTree = "<group>"; };
		C04274C12AD475C700261C74 /* AudioBubbleView.swift */ = {isa = PBXFileReference; lastKnownFileType = sourcecode.swift; path = AudioBubbleView.swift; sourceTree = "<group>"; };
		C04896102B0D7AAC00C26E39 /* NavigateExtension.swift */ = {isa = PBXFileReference; lastKnownFileType = sourcecode.swift; path = NavigateExtension.swift; sourceTree = "<group>"; };
		C05480492B16BDE300AA5D5D /* CatMeow.mp3 */ = {isa = PBXFileReference; lastKnownFileType = audio.mp3; path = CatMeow.mp3; sourceTree = "<group>"; };
		C057F88B2ACF2D2400AC0814 /* TitleScreen.swift */ = {isa = PBXFileReference; lastKnownFileType = sourcecode.swift; path = TitleScreen.swift; sourceTree = "<group>"; };
		C05C76BA2AE890DA00698C4F /* ImageBubbleView.swift */ = {isa = PBXFileReference; lastKnownFileType = sourcecode.swift; path = ImageBubbleView.swift; sourceTree = "<group>"; };
		C05C76BC2AE8989400698C4F /* UnderlinedWordsBlurView.swift */ = {isa = PBXFileReference; lastKnownFileType = sourcecode.swift; path = UnderlinedWordsBlurView.swift; sourceTree = "<group>"; };
		C05C76BE2AE89AD900698C4F /* Barlow-SemiBoldItalic.ttf */ = {isa = PBXFileReference; lastKnownFileType = file; path = "Barlow-SemiBoldItalic.ttf"; sourceTree = "<group>"; };
		C06EA41F2A38DF3C00DF427E /* RoundedCorner.swift */ = {isa = PBXFileReference; lastKnownFileType = sourcecode.swift; path = RoundedCorner.swift; sourceTree = "<group>"; };
		C08AE7342ADE01DF0009B42F /* TranslationBubbleView.swift */ = {isa = PBXFileReference; lastKnownFileType = sourcecode.swift; path = TranslationBubbleView.swift; sourceTree = "<group>"; };
		C0A560512AD1EBD400EF99A9 /* Barlow-Medium.ttf */ = {isa = PBXFileReference; lastKnownFileType = file; path = "Barlow-Medium.ttf"; sourceTree = "<group>"; };
		C0A560542AD1F35800EF99A9 /* MainChatBubbleView.swift */ = {isa = PBXFileReference; lastKnownFileType = sourcecode.swift; path = MainChatBubbleView.swift; sourceTree = "<group>"; };
		C0A560562AD2005700EF99A9 /* BubbleContent.swift */ = {isa = PBXFileReference; lastKnownFileType = sourcecode.swift; path = BubbleContent.swift; sourceTree = "<group>"; };
		C0A62CA62A7D810300CDFA0F /* CatChatBubble.swift */ = {isa = PBXFileReference; lastKnownFileType = sourcecode.swift; path = CatChatBubble.swift; sourceTree = "<group>"; };
		C0A62CA92A7D82B100CDFA0F /* ChatTextInput.swift */ = {isa = PBXFileReference; lastKnownFileType = sourcecode.swift; path = ChatTextInput.swift; sourceTree = "<group>"; };
		C0A62CAB2A7D838300CDFA0F /* BasicSans-Black.otf */ = {isa = PBXFileReference; lastKnownFileType = file; path = "BasicSans-Black.otf"; sourceTree = "<group>"; };
		C0B0BD452AF96E4B007CF121 /* OvalTextFieldStyle.swift */ = {isa = PBXFileReference; lastKnownFileType = sourcecode.swift; path = OvalTextFieldStyle.swift; sourceTree = "<group>"; };
		C0B5E8D22A92A18F0026FBB1 /* LaunchScreen.storyboard */ = {isa = PBXFileReference; lastKnownFileType = file.storyboard; path = LaunchScreen.storyboard; sourceTree = "<group>"; };
		C0B5E8D42A92B1480026FBB1 /* CatOrHumanBubble.swift */ = {isa = PBXFileReference; lastKnownFileType = sourcecode.swift; path = CatOrHumanBubble.swift; sourceTree = "<group>"; };
		C0B5E8D62A92B3FF0026FBB1 /* RoundButton.swift */ = {isa = PBXFileReference; lastKnownFileType = sourcecode.swift; path = RoundButton.swift; sourceTree = "<group>"; };
		C0B83F692A312B340096003B /* Jarrive.app */ = {isa = PBXFileReference; explicitFileType = wrapper.application; includeInIndex = 0; path = Jarrive.app; sourceTree = BUILT_PRODUCTS_DIR; };
		C0B83F6C2A312B340096003B /* JarriveApp.swift */ = {isa = PBXFileReference; lastKnownFileType = sourcecode.swift; path = JarriveApp.swift; sourceTree = "<group>"; };
		C0B83F6E2A312B340096003B /* StampsView.swift */ = {isa = PBXFileReference; lastKnownFileType = sourcecode.swift; path = StampsView.swift; sourceTree = "<group>"; };
		C0B83F702A312B370096003B /* Assets.xcassets */ = {isa = PBXFileReference; lastKnownFileType = folder.assetcatalog; path = Assets.xcassets; sourceTree = "<group>"; };
		C0B83F732A312B370096003B /* Preview Assets.xcassets */ = {isa = PBXFileReference; lastKnownFileType = folder.assetcatalog; path = "Preview Assets.xcassets"; sourceTree = "<group>"; };
		C0B83F792A312B370096003B /* JarriveTests.xctest */ = {isa = PBXFileReference; explicitFileType = wrapper.cfbundle; includeInIndex = 0; path = JarriveTests.xctest; sourceTree = BUILT_PRODUCTS_DIR; };
		C0B83F7D2A312B370096003B /* JarriveTests.swift */ = {isa = PBXFileReference; lastKnownFileType = sourcecode.swift; path = JarriveTests.swift; sourceTree = "<group>"; };
		C0B83F832A312B370096003B /* JarriveUITests.xctest */ = {isa = PBXFileReference; explicitFileType = wrapper.cfbundle; includeInIndex = 0; path = JarriveUITests.xctest; sourceTree = BUILT_PRODUCTS_DIR; };
		C0B83F872A312B370096003B /* JarriveUITests.swift */ = {isa = PBXFileReference; lastKnownFileType = sourcecode.swift; path = JarriveUITests.swift; sourceTree = "<group>"; };
		C0B83F892A312B370096003B /* JarriveUITestsLaunchTests.swift */ = {isa = PBXFileReference; lastKnownFileType = sourcecode.swift; path = JarriveUITestsLaunchTests.swift; sourceTree = "<group>"; };
		C0B83F9A2A312F410096003B /* Info.plist */ = {isa = PBXFileReference; lastKnownFileType = text.plist; path = Info.plist; sourceTree = "<group>"; };
		C0B83F9B2A3130DD0096003B /* TicketsView.swift */ = {isa = PBXFileReference; lastKnownFileType = sourcecode.swift; path = TicketsView.swift; sourceTree = "<group>"; };
		C0B83F9D2A3130F00096003B /* PostcardsView.swift */ = {isa = PBXFileReference; lastKnownFileType = sourcecode.swift; path = PostcardsView.swift; sourceTree = "<group>"; };
		C0B83FA12A3131230096003B /* TicketView.swift */ = {isa = PBXFileReference; lastKnownFileType = sourcecode.swift; path = TicketView.swift; sourceTree = "<group>"; };
		C0B83FA32A3131A30096003B /* LevelIntroView.swift */ = {isa = PBXFileReference; lastKnownFileType = sourcecode.swift; path = LevelIntroView.swift; sourceTree = "<group>"; };
		C0B83FA52A3131B60096003B /* LevelView.swift */ = {isa = PBXFileReference; lastKnownFileType = sourcecode.swift; path = LevelView.swift; sourceTree = "<group>"; };
		C0B83FA72A3131CE0096003B /* PostcardView.swift */ = {isa = PBXFileReference; lastKnownFileType = sourcecode.swift; path = PostcardView.swift; sourceTree = "<group>"; };
		C0B83FA92A3131E00096003B /* StampView.swift */ = {isa = PBXFileReference; lastKnownFileType = sourcecode.swift; path = StampView.swift; sourceTree = "<group>"; };
		C0C1C7492A4CC5FE00E1A54F /* GoogleService-Info.plist */ = {isa = PBXFileReference; fileEncoding = 4; lastKnownFileType = text.plist.xml; path = "GoogleService-Info.plist"; sourceTree = "<group>"; };
		C0D834C32B0927F000A43175 /* PostcardScreen.swift */ = {isa = PBXFileReference; lastKnownFileType = sourcecode.swift; path = PostcardScreen.swift; sourceTree = "<group>"; };
		C0D834C52B0929E000A43175 /* Bilbo-Regular.ttf */ = {isa = PBXFileReference; lastKnownFileType = file; path = "Bilbo-Regular.ttf"; sourceTree = "<group>"; };
		C0D834C72B092C9D00A43175 /* PostcardData.swift */ = {isa = PBXFileReference; lastKnownFileType = sourcecode.swift; path = PostcardData.swift; sourceTree = "<group>"; };
		C0D834C92B092D3C00A43175 /* StampData.swift */ = {isa = PBXFileReference; lastKnownFileType = sourcecode.swift; path = StampData.swift; sourceTree = "<group>"; };
		C0D834CB2B0931D600A43175 /* Postcard.swift */ = {isa = PBXFileReference; fileEncoding = 4; lastKnownFileType = sourcecode.swift; path = Postcard.swift; sourceTree = "<group>"; };
		C0D834CD2B093B8500A43175 /* Barlow-Italic.ttf */ = {isa = PBXFileReference; lastKnownFileType = file; path = "Barlow-Italic.ttf"; sourceTree = "<group>"; };
		C0D834CF2B093F2900A43175 /* Stamp.swift */ = {isa = PBXFileReference; fileEncoding = 4; lastKnownFileType = sourcecode.swift; path = Stamp.swift; sourceTree = "<group>"; };
		C0D834D02B093F2900A43175 /* Station.swift */ = {isa = PBXFileReference; fileEncoding = 4; lastKnownFileType = sourcecode.swift; path = Station.swift; sourceTree = "<group>"; };
		C0D834D12B093F2900A43175 /* Route.swift */ = {isa = PBXFileReference; fileEncoding = 4; lastKnownFileType = sourcecode.swift; path = Route.swift; sourceTree = "<group>"; };
		C0D8FEF32AD0792A00FE5F41 /* OnboardingMainScreen.swift */ = {isa = PBXFileReference; lastKnownFileType = sourcecode.swift; path = OnboardingMainScreen.swift; sourceTree = "<group>"; };
		C0D91C452A4CCC8D00080072 /* TicketViewModel.swift */ = {isa = PBXFileReference; lastKnownFileType = sourcecode.swift; path = TicketViewModel.swift; sourceTree = "<group>"; };
		C0D91C472A4CCCA100080072 /* AuthenticationViewModel.swift */ = {isa = PBXFileReference; lastKnownFileType = sourcecode.swift; path = AuthenticationViewModel.swift; sourceTree = "<group>"; };
		C0D91C4E2A4CD6DD00080072 /* GoogleSignInButton.swift */ = {isa = PBXFileReference; lastKnownFileType = sourcecode.swift; path = GoogleSignInButton.swift; sourceTree = "<group>"; };
		C0D91C502A4CD84900080072 /* ContentView.swift */ = {isa = PBXFileReference; lastKnownFileType = sourcecode.swift; path = ContentView.swift; sourceTree = "<group>"; };
		C0D91C522A4CD95900080072 /* NetworkImage.swift */ = {isa = PBXFileReference; lastKnownFileType = sourcecode.swift; path = NetworkImage.swift; sourceTree = "<group>"; };
		C0DEA4AB2A79846800C640BD /* InitialChatPage.swift */ = {isa = PBXFileReference; lastKnownFileType = sourcecode.swift; path = InitialChatPage.swift; sourceTree = "<group>"; };
		C0DEA4AD2A79886B00C640BD /* BasicSans-Regular.otf */ = {isa = PBXFileReference; lastKnownFileType = file; path = "BasicSans-Regular.otf"; sourceTree = "<group>"; };
		C0DEA4AF2A798D2200C640BD /* PlayAudioButton.swift */ = {isa = PBXFileReference; lastKnownFileType = sourcecode.swift; path = PlayAudioButton.swift; sourceTree = "<group>"; };
		C0DEA4B12A798E4500C640BD /* SuivantButton.swift */ = {isa = PBXFileReference; lastKnownFileType = sourcecode.swift; path = SuivantButton.swift; sourceTree = "<group>"; };
		C0DEA4B52A79BA4A00C640BD /* ChatPage.swift */ = {isa = PBXFileReference; lastKnownFileType = sourcecode.swift; path = ChatPage.swift; sourceTree = "<group>"; };
		C0E8BD952A9D644C008C4F57 /* Barlow-SemiBold.ttf */ = {isa = PBXFileReference; lastKnownFileType = file; path = "Barlow-SemiBold.ttf"; sourceTree = "<group>"; };
		C0E8BD962A9D644D008C4F57 /* Barlow-Bold.ttf */ = {isa = PBXFileReference; lastKnownFileType = file; path = "Barlow-Bold.ttf"; sourceTree = "<group>"; };
		C0E8BD972A9D644D008C4F57 /* Barlow-Regular.ttf */ = {isa = PBXFileReference; lastKnownFileType = file; path = "Barlow-Regular.ttf"; sourceTree = "<group>"; };
		C0E8BD9C2A9D7C4C008C4F57 /* GoogleAppleSignInButtons.swift */ = {isa = PBXFileReference; lastKnownFileType = sourcecode.swift; path = GoogleAppleSignInButtons.swift; sourceTree = "<group>"; };
		C0EBBADF2A3A57F100001FCF /* BackButton.swift */ = {isa = PBXFileReference; lastKnownFileType = sourcecode.swift; path = BackButton.swift; sourceTree = "<group>"; };
		C0EBBAE12A3A5E0F00001FCF /* ArrowButton.swift */ = {isa = PBXFileReference; lastKnownFileType = sourcecode.swift; path = ArrowButton.swift; sourceTree = "<group>"; };
		C0EBBAE32A3A67E800001FCF /* Line.swift */ = {isa = PBXFileReference; lastKnownFileType = sourcecode.swift; path = Line.swift; sourceTree = "<group>"; };
		C0F9B13B2A379A6D0046A21D /* MainTabView.swift */ = {isa = PBXFileReference; lastKnownFileType = sourcecode.swift; path = MainTabView.swift; sourceTree = "<group>"; };
/* End PBXFileReference section */

/* Begin PBXFrameworksBuildPhase section */
		C0B83F662A312B340096003B /* Frameworks */ = {
			isa = PBXFrameworksBuildPhase;
			buildActionMask = 2147483647;
			files = (
				C0C1C7472A4CC32C00E1A54F /* FirebaseAuth in Frameworks */,
				C0D91C4B2A4CCD2000080072 /* GoogleSignIn in Frameworks */,
			);
			runOnlyForDeploymentPostprocessing = 0;
		};
		C0B83F762A312B370096003B /* Frameworks */ = {
			isa = PBXFrameworksBuildPhase;
			buildActionMask = 2147483647;
			files = (
			);
			runOnlyForDeploymentPostprocessing = 0;
		};
		C0B83F802A312B370096003B /* Frameworks */ = {
			isa = PBXFrameworksBuildPhase;
			buildActionMask = 2147483647;
			files = (
			);
			runOnlyForDeploymentPostprocessing = 0;
		};
/* End PBXFrameworksBuildPhase section */

/* Begin PBXGroup section */
		C02D093C2A3B974F00B5FA54 /* Fonts */ = {
			isa = PBXGroup;
			children = (
				C0DEA4AD2A79886B00C640BD /* BasicSans-Regular.otf */,
				C0D834CD2B093B8500A43175 /* Barlow-Italic.ttf */,
				C02D093D2A3B979200B5FA54 /* Barlow-LightItalic.ttf */,
				C0A62CAB2A7D838300CDFA0F /* BasicSans-Black.otf */,
				C0E8BD962A9D644D008C4F57 /* Barlow-Bold.ttf */,
				C0A560512AD1EBD400EF99A9 /* Barlow-Medium.ttf */,
				C0E8BD972A9D644D008C4F57 /* Barlow-Regular.ttf */,
				C0E8BD952A9D644C008C4F57 /* Barlow-SemiBold.ttf */,
				C05C76BE2AE89AD900698C4F /* Barlow-SemiBoldItalic.ttf */,
				C0D834C52B0929E000A43175 /* Bilbo-Regular.ttf */,
			);
			path = Fonts;
			sourceTree = "<group>";
		};
		C05480482B16BDD200AA5D5D /* Audios */ = {
			isa = PBXGroup;
			children = (
				C05480492B16BDE300AA5D5D /* CatMeow.mp3 */,
			);
			path = Audios;
			sourceTree = "<group>";
		};
		C057F8892ACF2CC000AC0814 /* Title */ = {
			isa = PBXGroup;
			children = (
				C057F88B2ACF2D2400AC0814 /* TitleScreen.swift */,
			);
			path = Title;
			sourceTree = "<group>";
		};
		C06EA41E2A38DF2800DF427E /* Helpers */ = {
			isa = PBXGroup;
			children = (
				C06EA41F2A38DF3C00DF427E /* RoundedCorner.swift */,
				C0EBBAE32A3A67E800001FCF /* Line.swift */,
				C0B0BD452AF96E4B007CF121 /* OvalTextFieldStyle.swift */,
				C04896102B0D7AAC00C26E39 /* NavigateExtension.swift */,
			);
			path = Helpers;
			sourceTree = "<group>";
		};
		C0763B312B0954E900575CBC /* Login */ = {
			isa = PBXGroup;
			children = (
				C02D09412A3BA23100B5FA54 /* LoginScreen.swift */,
			);
			path = Login;
			sourceTree = "<group>";
		};
		C0A560532AD1F25A00EF99A9 /* OldOnboarding */ = {
			isa = PBXGroup;
			children = (
				C0DEA4AB2A79846800C640BD /* InitialChatPage.swift */,
				C0DEA4B52A79BA4A00C640BD /* ChatPage.swift */,
				C0A62CA62A7D810300CDFA0F /* CatChatBubble.swift */,
				C0DEA4B12A798E4500C640BD /* SuivantButton.swift */,
				C0DEA4AF2A798D2200C640BD /* PlayAudioButton.swift */,
				C0A62CA92A7D82B100CDFA0F /* ChatTextInput.swift */,
				C0B5E8D42A92B1480026FBB1 /* CatOrHumanBubble.swift */,
				C0B5E8D62A92B3FF0026FBB1 /* RoundButton.swift */,
			);
			path = OldOnboarding;
			sourceTree = "<group>";
		};
		C0A62CA82A7D826A00CDFA0F /* Onboarding */ = {
			isa = PBXGroup;
			children = (
				C0A560542AD1F35800EF99A9 /* MainChatBubbleView.swift */,
				C04274BB2AD4759000261C74 /* TextBubbleView.swift */,
				C04274BD2AD475A900261C74 /* OptionBubbleView.swift */,
				C04274BF2AD475B700261C74 /* ResponseBubbleView.swift */,
				C04274C12AD475C700261C74 /* AudioBubbleView.swift */,
				C05C76BA2AE890DA00698C4F /* ImageBubbleView.swift */,
				C08AE7342ADE01DF0009B42F /* TranslationBubbleView.swift */,
				C05C76BC2AE8989400698C4F /* UnderlinedWordsBlurView.swift */,
			);
			path = Onboarding;
			sourceTree = "<group>";
		};
		C0B83F602A312B340096003B = {
			isa = PBXGroup;
			children = (
				C0B83F6B2A312B340096003B /* Jarrive */,
				C0B83F7C2A312B370096003B /* JarriveTests */,
				C0B83F862A312B370096003B /* JarriveUITests */,
				C0B83F6A2A312B340096003B /* Products */,
				C0D91C492A4CCD2000080072 /* Frameworks */,
			);
			sourceTree = "<group>";
		};
		C0B83F6A2A312B340096003B /* Products */ = {
			isa = PBXGroup;
			children = (
				C0B83F692A312B340096003B /* Jarrive.app */,
				C0B83F792A312B370096003B /* JarriveTests.xctest */,
				C0B83F832A312B370096003B /* JarriveUITests.xctest */,
			);
			name = Products;
			sourceTree = "<group>";
		};
		C0B83F6B2A312B340096003B /* Jarrive */ = {
			isa = PBXGroup;
			children = (
				C0B83F9A2A312F410096003B /* Info.plist */,
				C0C1C7492A4CC5FE00E1A54F /* GoogleService-Info.plist */,
				C0D834D92B09538A00A43175 /* Old */,
				C05480482B16BDD200AA5D5D /* Audios */,
				C02D093C2A3B974F00B5FA54 /* Fonts */,
				C0B83F962A312C300096003B /* Lifecycle */,
				C0B83F982A312C590096003B /* Models */,
				C0D91C442A4CCC5600080072 /* ViewModels */,
				C0B83F972A312C520096003B /* Views */,
				C0B83F702A312B370096003B /* Assets.xcassets */,
				C0B83F722A312B370096003B /* Preview Content */,
			);
			path = Jarrive;
			sourceTree = "<group>";
		};
		C0B83F722A312B370096003B /* Preview Content */ = {
			isa = PBXGroup;
			children = (
				C0B83F732A312B370096003B /* Preview Assets.xcassets */,
			);
			path = "Preview Content";
			sourceTree = "<group>";
		};
		C0B83F7C2A312B370096003B /* JarriveTests */ = {
			isa = PBXGroup;
			children = (
				C0B83F7D2A312B370096003B /* JarriveTests.swift */,
			);
			path = JarriveTests;
			sourceTree = "<group>";
		};
		C0B83F862A312B370096003B /* JarriveUITests */ = {
			isa = PBXGroup;
			children = (
				C0B83F872A312B370096003B /* JarriveUITests.swift */,
				C0B83F892A312B370096003B /* JarriveUITestsLaunchTests.swift */,
			);
			path = JarriveUITests;
			sourceTree = "<group>";
		};
		C0B83F962A312C300096003B /* Lifecycle */ = {
			isa = PBXGroup;
			children = (
				C0B83F6C2A312B340096003B /* JarriveApp.swift */,
				C0D91C502A4CD84900080072 /* ContentView.swift */,
			);
			path = Lifecycle;
			sourceTree = "<group>";
		};
		C0B83F972A312C520096003B /* Views */ = {
			isa = PBXGroup;
			children = (
				C06EA41E2A38DF2800DF427E /* Helpers */,
				C0B83FA02A3131130096003B /* Components */,
				C0B83F9F2A3131050096003B /* Pages */,
			);
			path = Views;
			sourceTree = "<group>";
		};
		C0B83F982A312C590096003B /* Models */ = {
			isa = PBXGroup;
			children = (
				C0A560562AD2005700EF99A9 /* BubbleContent.swift */,
				C02AC42F2AD88E61006C4422 /* OnboardingData.swift */,
				C0D834C72B092C9D00A43175 /* PostcardData.swift */,
				C0D834C92B092D3C00A43175 /* StampData.swift */,
			);
			path = Models;
			sourceTree = "<group>";
		};
		C0B83F9F2A3131050096003B /* Pages */ = {
			isa = PBXGroup;
			children = (
				C0763B312B0954E900575CBC /* Login */,
				C057F8892ACF2CC000AC0814 /* Title */,
				C0DEA4AA2A7982B800C640BD /* Onboarding */,
				C0B5E8D22A92A18F0026FBB1 /* LaunchScreen.storyboard */,
			);
			path = Pages;
			sourceTree = "<group>";
		};
		C0B83FA02A3131130096003B /* Components */ = {
			isa = PBXGroup;
			children = (
				C0E8BD9B2A9D7C11008C4F57 /* Login */,
				C0A62CA82A7D826A00CDFA0F /* Onboarding */,
			);
			path = Components;
			sourceTree = "<group>";
		};
		C0D834D92B09538A00A43175 /* Old */ = {
			isa = PBXGroup;
			children = (
				C0D834DB2B0953A800A43175 /* OldViews */,
				C0D834DA2B09539700A43175 /* OldModels */,
			);
			path = Old;
			sourceTree = "<group>";
		};
		C0D834DA2B09539700A43175 /* OldModels */ = {
			isa = PBXGroup;
			children = (
				C0D91C452A4CCC8D00080072 /* TicketViewModel.swift */,
				C0D834CB2B0931D600A43175 /* Postcard.swift */,
				C0D834D12B093F2900A43175 /* Route.swift */,
				C0D834CF2B093F2900A43175 /* Stamp.swift */,
				C0D834D02B093F2900A43175 /* Station.swift */,
			);
			path = OldModels;
			sourceTree = "<group>";
		};
		C0D834DB2B0953A800A43175 /* OldViews */ = {
			isa = PBXGroup;
			children = (
				C0A560532AD1F25A00EF99A9 /* OldOnboarding */,
				C0B83F6E2A312B340096003B /* StampsView.swift */,
				C0B83F9B2A3130DD0096003B /* TicketsView.swift */,
				C0B83F9D2A3130F00096003B /* PostcardsView.swift */,
				C0B83FA32A3131A30096003B /* LevelIntroView.swift */,
				C0B83FA52A3131B60096003B /* LevelView.swift */,
				C0F9B13B2A379A6D0046A21D /* MainTabView.swift */,
				C0B83FA12A3131230096003B /* TicketView.swift */,
				C0B83FA72A3131CE0096003B /* PostcardView.swift */,
				C0B83FA92A3131E00096003B /* StampView.swift */,
				C0EBBADF2A3A57F100001FCF /* BackButton.swift */,
				C0EBBAE12A3A5E0F00001FCF /* ArrowButton.swift */,
				C0D91C522A4CD95900080072 /* NetworkImage.swift */,
			);
			path = OldViews;
			sourceTree = "<group>";
		};
		C0D91C442A4CCC5600080072 /* ViewModels */ = {
			isa = PBXGroup;
			children = (
				C0D91C472A4CCCA100080072 /* AuthenticationViewModel.swift */,
			);
			path = ViewModels;
			sourceTree = "<group>";
		};
		C0D91C492A4CCD2000080072 /* Frameworks */ = {
			isa = PBXGroup;
			children = (
			);
			name = Frameworks;
			sourceTree = "<group>";
		};
		C0DEA4AA2A7982B800C640BD /* Onboarding */ = {
			isa = PBXGroup;
			children = (
				C0D8FEF32AD0792A00FE5F41 /* OnboardingMainScreen.swift */,
				C0D834C32B0927F000A43175 /* PostcardScreen.swift */,
				96939EB82B1179A800D06BFC /* StampExerciseScreen.swift */,
			);
			path = Onboarding;
			sourceTree = "<group>";
		};
		C0E8BD9B2A9D7C11008C4F57 /* Login */ = {
			isa = PBXGroup;
			children = (
				C0E8BD9C2A9D7C4C008C4F57 /* GoogleAppleSignInButtons.swift */,
				C0D91C4E2A4CD6DD00080072 /* GoogleSignInButton.swift */,
				C02D09432A3BA87000B5FA54 /* LoginInputView.swift */,
			);
			path = Login;
			sourceTree = "<group>";
		};
/* End PBXGroup section */

/* Begin PBXNativeTarget section */
		C0B83F682A312B340096003B /* Jarrive */ = {
			isa = PBXNativeTarget;
			buildConfigurationList = C0B83F8D2A312B370096003B /* Build configuration list for PBXNativeTarget "Jarrive" */;
			buildPhases = (
				C0B83F652A312B340096003B /* Sources */,
				C0B83F662A312B340096003B /* Frameworks */,
				C0B83F672A312B340096003B /* Resources */,
			);
			buildRules = (
			);
			dependencies = (
			);
			name = Jarrive;
			packageProductDependencies = (
				C0C1C7462A4CC32C00E1A54F /* FirebaseAuth */,
				C0D91C4A2A4CCD2000080072 /* GoogleSignIn */,
			);
			productName = Jarrive;
			productReference = C0B83F692A312B340096003B /* Jarrive.app */;
			productType = "com.apple.product-type.application";
		};
		C0B83F782A312B370096003B /* JarriveTests */ = {
			isa = PBXNativeTarget;
			buildConfigurationList = C0B83F902A312B370096003B /* Build configuration list for PBXNativeTarget "JarriveTests" */;
			buildPhases = (
				C0B83F752A312B370096003B /* Sources */,
				C0B83F762A312B370096003B /* Frameworks */,
				C0B83F772A312B370096003B /* Resources */,
			);
			buildRules = (
			);
			dependencies = (
				C0B83F7B2A312B370096003B /* PBXTargetDependency */,
			);
			name = JarriveTests;
			productName = JarriveTests;
			productReference = C0B83F792A312B370096003B /* JarriveTests.xctest */;
			productType = "com.apple.product-type.bundle.unit-test";
		};
		C0B83F822A312B370096003B /* JarriveUITests */ = {
			isa = PBXNativeTarget;
			buildConfigurationList = C0B83F932A312B370096003B /* Build configuration list for PBXNativeTarget "JarriveUITests" */;
			buildPhases = (
				C0B83F7F2A312B370096003B /* Sources */,
				C0B83F802A312B370096003B /* Frameworks */,
				C0B83F812A312B370096003B /* Resources */,
			);
			buildRules = (
			);
			dependencies = (
				C0B83F852A312B370096003B /* PBXTargetDependency */,
			);
			name = JarriveUITests;
			productName = JarriveUITests;
			productReference = C0B83F832A312B370096003B /* JarriveUITests.xctest */;
			productType = "com.apple.product-type.bundle.ui-testing";
		};
/* End PBXNativeTarget section */

/* Begin PBXProject section */
		C0B83F612A312B340096003B /* Project object */ = {
			isa = PBXProject;
			attributes = {
				BuildIndependentTargetsInParallel = 1;
				LastSwiftUpdateCheck = 1430;
				LastUpgradeCheck = 1430;
				TargetAttributes = {
					C0B83F682A312B340096003B = {
						CreatedOnToolsVersion = 14.3.1;
					};
					C0B83F782A312B370096003B = {
						CreatedOnToolsVersion = 14.3.1;
						TestTargetID = C0B83F682A312B340096003B;
					};
					C0B83F822A312B370096003B = {
						CreatedOnToolsVersion = 14.3.1;
						TestTargetID = C0B83F682A312B340096003B;
					};
				};
			};
			buildConfigurationList = C0B83F642A312B340096003B /* Build configuration list for PBXProject "Jarrive" */;
			compatibilityVersion = "Xcode 14.0";
			developmentRegion = en;
			hasScannedForEncodings = 0;
			knownRegions = (
				en,
				Base,
			);
			mainGroup = C0B83F602A312B340096003B;
			packageReferences = (
				C0C1C7452A4CC32C00E1A54F /* XCRemoteSwiftPackageReference "firebase-ios-sdk" */,
				C0C1C7482A4CC3D600E1A54F /* XCRemoteSwiftPackageReference "GoogleSignIn-iOS" */,
			);
			productRefGroup = C0B83F6A2A312B340096003B /* Products */;
			projectDirPath = "";
			projectRoot = "";
			targets = (
				C0B83F682A312B340096003B /* Jarrive */,
				C0B83F782A312B370096003B /* JarriveTests */,
				C0B83F822A312B370096003B /* JarriveUITests */,
			);
		};
/* End PBXProject section */

/* Begin PBXResourcesBuildPhase section */
		C0B83F672A312B340096003B /* Resources */ = {
			isa = PBXResourcesBuildPhase;
			buildActionMask = 2147483647;
			files = (
				C02D093E2A3B979200B5FA54 /* Barlow-LightItalic.ttf in Resources */,
				C0D834CE2B093B8500A43175 /* Barlow-Italic.ttf in Resources */,
				C0A62CAC2A7D838300CDFA0F /* BasicSans-Black.otf in Resources */,
				C0E8BD9A2A9D644D008C4F57 /* Barlow-Regular.ttf in Resources */,
				C0E8BD982A9D644D008C4F57 /* Barlow-SemiBold.ttf in Resources */,
				C0A560522AD1EBD500EF99A9 /* Barlow-Medium.ttf in Resources */,
				C0C1C74A2A4CC5FE00E1A54F /* GoogleService-Info.plist in Resources */,
				C0B83F742A312B370096003B /* Preview Assets.xcassets in Resources */,
				C0B5E8D32A92A18F0026FBB1 /* LaunchScreen.storyboard in Resources */,
				C0D834C62B0929E000A43175 /* Bilbo-Regular.ttf in Resources */,
				C0B83F712A312B370096003B /* Assets.xcassets in Resources */,
				C0DEA4AE2A79886B00C640BD /* BasicSans-Regular.otf in Resources */,
				C05C76BF2AE89AD900698C4F /* Barlow-SemiBoldItalic.ttf in Resources */,
				C054804A2B16BDE400AA5D5D /* CatMeow.mp3 in Resources */,
				C0E8BD992A9D644D008C4F57 /* Barlow-Bold.ttf in Resources */,
			);
			runOnlyForDeploymentPostprocessing = 0;
		};
		C0B83F772A312B370096003B /* Resources */ = {
			isa = PBXResourcesBuildPhase;
			buildActionMask = 2147483647;
			files = (
				C0C1C74B2A4CC5FE00E1A54F /* GoogleService-Info.plist in Resources */,
			);
			runOnlyForDeploymentPostprocessing = 0;
		};
		C0B83F812A312B370096003B /* Resources */ = {
			isa = PBXResourcesBuildPhase;
			buildActionMask = 2147483647;
			files = (
				C0C1C74C2A4CC5FE00E1A54F /* GoogleService-Info.plist in Resources */,
			);
			runOnlyForDeploymentPostprocessing = 0;
		};
/* End PBXResourcesBuildPhase section */

/* Begin PBXSourcesBuildPhase section */
		C0B83F652A312B340096003B /* Sources */ = {
			isa = PBXSourcesBuildPhase;
			buildActionMask = 2147483647;
			files = (
				C0B83FA82A3131CE0096003B /* PostcardView.swift in Sources */,
				C0D91C512A4CD84900080072 /* ContentView.swift in Sources */,
				C0A62CAA2A7D82B100CDFA0F /* ChatTextInput.swift in Sources */,
				C0F9B13C2A379A6D0046A21D /* MainTabView.swift in Sources */,
				C0B83FA62A3131B60096003B /* LevelView.swift in Sources */,
				C0D91C4F2A4CD6DD00080072 /* GoogleSignInButton.swift in Sources */,
				C05C76BB2AE890DA00698C4F /* ImageBubbleView.swift in Sources */,
				C0A560552AD1F35800EF99A9 /* MainChatBubbleView.swift in Sources */,
				C0D91C532A4CD95900080072 /* NetworkImage.swift in Sources */,
				C04274C22AD475C700261C74 /* AudioBubbleView.swift in Sources */,
				C04274C02AD475B700261C74 /* ResponseBubbleView.swift in Sources */,
				C0D834D22B093F2900A43175 /* Stamp.swift in Sources */,
				C0B83F9E2A3130F00096003B /* PostcardsView.swift in Sources */,
				C0DEA4B62A79BA4A00C640BD /* ChatPage.swift in Sources */,
				C0DEA4B02A798D2200C640BD /* PlayAudioButton.swift in Sources */,
				C0D834C42B0927F000A43175 /* PostcardScreen.swift in Sources */,
				C02D09442A3BA87000B5FA54 /* LoginInputView.swift in Sources */,
				C0B83FA22A3131230096003B /* TicketView.swift in Sources */,
				C0EBBAE02A3A57F100001FCF /* BackButton.swift in Sources */,
				C057F88C2ACF2D2400AC0814 /* TitleScreen.swift in Sources */,
				C0D91C482A4CCCA100080072 /* AuthenticationViewModel.swift in Sources */,
				C0D8FEF42AD0792A00FE5F41 /* OnboardingMainScreen.swift in Sources */,
				C0B0BD462AF96E4B007CF121 /* OvalTextFieldStyle.swift in Sources */,
				C0D834D42B093F2900A43175 /* Route.swift in Sources */,
				C0E8BD9D2A9D7C4C008C4F57 /* GoogleAppleSignInButtons.swift in Sources */,
				C0B5E8D72A92B3FF0026FBB1 /* RoundButton.swift in Sources */,
				C0B5E8D52A92B1480026FBB1 /* CatOrHumanBubble.swift in Sources */,
				C0D834CA2B092D3C00A43175 /* StampData.swift in Sources */,
				C0A560572AD2005700EF99A9 /* BubbleContent.swift in Sources */,
				C0EBBAE22A3A5E0F00001FCF /* ArrowButton.swift in Sources */,
				C0D91C462A4CCC8D00080072 /* TicketViewModel.swift in Sources */,
				C05C76BD2AE8989400698C4F /* UnderlinedWordsBlurView.swift in Sources */,
				C04274BE2AD475A900261C74 /* OptionBubbleView.swift in Sources */,
				C04274BC2AD4759000261C74 /* TextBubbleView.swift in Sources */,
				C02AC4302AD88E61006C4422 /* OnboardingData.swift in Sources */,
				C0DEA4AC2A79846800C640BD /* InitialChatPage.swift in Sources */,
				C0B83F9C2A3130DD0096003B /* TicketsView.swift in Sources */,
				C0B83FAA2A3131E00096003B /* StampView.swift in Sources */,
				C04896112B0D7AAC00C26E39 /* NavigateExtension.swift in Sources */,
				C0B83F6F2A312B340096003B /* StampsView.swift in Sources */,
				C08AE7352ADE01DF0009B42F /* TranslationBubbleView.swift in Sources */,
				96939EB92B1179A800D06BFC /* StampExerciseScreen.swift in Sources */,
				C0EBBAE42A3A67E800001FCF /* Line.swift in Sources */,
				C0D834C82B092C9D00A43175 /* PostcardData.swift in Sources */,
				C06EA4202A38DF3C00DF427E /* RoundedCorner.swift in Sources */,
				C0A62CA72A7D810300CDFA0F /* CatChatBubble.swift in Sources */,
				C0B83FA42A3131A30096003B /* LevelIntroView.swift in Sources */,
				C0DEA4B22A798E4500C640BD /* SuivantButton.swift in Sources */,
				C02D09422A3BA23100B5FA54 /* LoginScreen.swift in Sources */,
				C0B83F6D2A312B340096003B /* JarriveApp.swift in Sources */,
				C0D834CC2B0931D600A43175 /* Postcard.swift in Sources */,
				C0D834D32B093F2900A43175 /* Station.swift in Sources */,
			);
			runOnlyForDeploymentPostprocessing = 0;
		};
		C0B83F752A312B370096003B /* Sources */ = {
			isa = PBXSourcesBuildPhase;
			buildActionMask = 2147483647;
			files = (
				C0B83F7E2A312B370096003B /* JarriveTests.swift in Sources */,
			);
			runOnlyForDeploymentPostprocessing = 0;
		};
		C0B83F7F2A312B370096003B /* Sources */ = {
			isa = PBXSourcesBuildPhase;
			buildActionMask = 2147483647;
			files = (
				C0B83F8A2A312B370096003B /* JarriveUITestsLaunchTests.swift in Sources */,
				C0B83F882A312B370096003B /* JarriveUITests.swift in Sources */,
			);
			runOnlyForDeploymentPostprocessing = 0;
		};
/* End PBXSourcesBuildPhase section */

/* Begin PBXTargetDependency section */
		C0B83F7B2A312B370096003B /* PBXTargetDependency */ = {
			isa = PBXTargetDependency;
			target = C0B83F682A312B340096003B /* Jarrive */;
			targetProxy = C0B83F7A2A312B370096003B /* PBXContainerItemProxy */;
		};
		C0B83F852A312B370096003B /* PBXTargetDependency */ = {
			isa = PBXTargetDependency;
			target = C0B83F682A312B340096003B /* Jarrive */;
			targetProxy = C0B83F842A312B370096003B /* PBXContainerItemProxy */;
		};
/* End PBXTargetDependency section */

/* Begin XCBuildConfiguration section */
		C0B83F8B2A312B370096003B /* Debug */ = {
			isa = XCBuildConfiguration;
			buildSettings = {
				ALWAYS_SEARCH_USER_PATHS = NO;
				CLANG_ANALYZER_NONNULL = YES;
				CLANG_ANALYZER_NUMBER_OBJECT_CONVERSION = YES_AGGRESSIVE;
				CLANG_CXX_LANGUAGE_STANDARD = "gnu++20";
				CLANG_ENABLE_MODULES = YES;
				CLANG_ENABLE_OBJC_ARC = YES;
				CLANG_ENABLE_OBJC_WEAK = YES;
				CLANG_WARN_BLOCK_CAPTURE_AUTORELEASING = YES;
				CLANG_WARN_BOOL_CONVERSION = YES;
				CLANG_WARN_COMMA = YES;
				CLANG_WARN_CONSTANT_CONVERSION = YES;
				CLANG_WARN_DEPRECATED_OBJC_IMPLEMENTATIONS = YES;
				CLANG_WARN_DIRECT_OBJC_ISA_USAGE = YES_ERROR;
				CLANG_WARN_DOCUMENTATION_COMMENTS = YES;
				CLANG_WARN_EMPTY_BODY = YES;
				CLANG_WARN_ENUM_CONVERSION = YES;
				CLANG_WARN_INFINITE_RECURSION = YES;
				CLANG_WARN_INT_CONVERSION = YES;
				CLANG_WARN_NON_LITERAL_NULL_CONVERSION = YES;
				CLANG_WARN_OBJC_IMPLICIT_RETAIN_SELF = YES;
				CLANG_WARN_OBJC_LITERAL_CONVERSION = YES;
				CLANG_WARN_OBJC_ROOT_CLASS = YES_ERROR;
				CLANG_WARN_QUOTED_INCLUDE_IN_FRAMEWORK_HEADER = YES;
				CLANG_WARN_RANGE_LOOP_ANALYSIS = YES;
				CLANG_WARN_STRICT_PROTOTYPES = YES;
				CLANG_WARN_SUSPICIOUS_MOVE = YES;
				CLANG_WARN_UNGUARDED_AVAILABILITY = YES_AGGRESSIVE;
				CLANG_WARN_UNREACHABLE_CODE = YES;
				CLANG_WARN__DUPLICATE_METHOD_MATCH = YES;
				COPY_PHASE_STRIP = NO;
				DEBUG_INFORMATION_FORMAT = dwarf;
				ENABLE_STRICT_OBJC_MSGSEND = YES;
				ENABLE_TESTABILITY = YES;
				GCC_C_LANGUAGE_STANDARD = gnu11;
				GCC_DYNAMIC_NO_PIC = NO;
				GCC_NO_COMMON_BLOCKS = YES;
				GCC_OPTIMIZATION_LEVEL = 0;
				GCC_PREPROCESSOR_DEFINITIONS = (
					"DEBUG=1",
					"$(inherited)",
				);
				GCC_WARN_64_TO_32_BIT_CONVERSION = YES;
				GCC_WARN_ABOUT_RETURN_TYPE = YES_ERROR;
				GCC_WARN_UNDECLARED_SELECTOR = YES;
				GCC_WARN_UNINITIALIZED_AUTOS = YES_AGGRESSIVE;
				GCC_WARN_UNUSED_FUNCTION = YES;
				GCC_WARN_UNUSED_VARIABLE = YES;
				IPHONEOS_DEPLOYMENT_TARGET = 16.4;
				MTL_ENABLE_DEBUG_INFO = INCLUDE_SOURCE;
				MTL_FAST_MATH = YES;
				ONLY_ACTIVE_ARCH = YES;
				SDKROOT = iphoneos;
				SWIFT_ACTIVE_COMPILATION_CONDITIONS = DEBUG;
				SWIFT_OPTIMIZATION_LEVEL = "-Onone";
			};
			name = Debug;
		};
		C0B83F8C2A312B370096003B /* Release */ = {
			isa = XCBuildConfiguration;
			buildSettings = {
				ALWAYS_SEARCH_USER_PATHS = NO;
				CLANG_ANALYZER_NONNULL = YES;
				CLANG_ANALYZER_NUMBER_OBJECT_CONVERSION = YES_AGGRESSIVE;
				CLANG_CXX_LANGUAGE_STANDARD = "gnu++20";
				CLANG_ENABLE_MODULES = YES;
				CLANG_ENABLE_OBJC_ARC = YES;
				CLANG_ENABLE_OBJC_WEAK = YES;
				CLANG_WARN_BLOCK_CAPTURE_AUTORELEASING = YES;
				CLANG_WARN_BOOL_CONVERSION = YES;
				CLANG_WARN_COMMA = YES;
				CLANG_WARN_CONSTANT_CONVERSION = YES;
				CLANG_WARN_DEPRECATED_OBJC_IMPLEMENTATIONS = YES;
				CLANG_WARN_DIRECT_OBJC_ISA_USAGE = YES_ERROR;
				CLANG_WARN_DOCUMENTATION_COMMENTS = YES;
				CLANG_WARN_EMPTY_BODY = YES;
				CLANG_WARN_ENUM_CONVERSION = YES;
				CLANG_WARN_INFINITE_RECURSION = YES;
				CLANG_WARN_INT_CONVERSION = YES;
				CLANG_WARN_NON_LITERAL_NULL_CONVERSION = YES;
				CLANG_WARN_OBJC_IMPLICIT_RETAIN_SELF = YES;
				CLANG_WARN_OBJC_LITERAL_CONVERSION = YES;
				CLANG_WARN_OBJC_ROOT_CLASS = YES_ERROR;
				CLANG_WARN_QUOTED_INCLUDE_IN_FRAMEWORK_HEADER = YES;
				CLANG_WARN_RANGE_LOOP_ANALYSIS = YES;
				CLANG_WARN_STRICT_PROTOTYPES = YES;
				CLANG_WARN_SUSPICIOUS_MOVE = YES;
				CLANG_WARN_UNGUARDED_AVAILABILITY = YES_AGGRESSIVE;
				CLANG_WARN_UNREACHABLE_CODE = YES;
				CLANG_WARN__DUPLICATE_METHOD_MATCH = YES;
				COPY_PHASE_STRIP = NO;
				DEBUG_INFORMATION_FORMAT = "dwarf-with-dsym";
				ENABLE_NS_ASSERTIONS = NO;
				ENABLE_STRICT_OBJC_MSGSEND = YES;
				GCC_C_LANGUAGE_STANDARD = gnu11;
				GCC_NO_COMMON_BLOCKS = YES;
				GCC_WARN_64_TO_32_BIT_CONVERSION = YES;
				GCC_WARN_ABOUT_RETURN_TYPE = YES_ERROR;
				GCC_WARN_UNDECLARED_SELECTOR = YES;
				GCC_WARN_UNINITIALIZED_AUTOS = YES_AGGRESSIVE;
				GCC_WARN_UNUSED_FUNCTION = YES;
				GCC_WARN_UNUSED_VARIABLE = YES;
				IPHONEOS_DEPLOYMENT_TARGET = 16.4;
				MTL_ENABLE_DEBUG_INFO = NO;
				MTL_FAST_MATH = YES;
				SDKROOT = iphoneos;
				SWIFT_COMPILATION_MODE = wholemodule;
				SWIFT_OPTIMIZATION_LEVEL = "-O";
				VALIDATE_PRODUCT = YES;
			};
			name = Release;
		};
		C0B83F8E2A312B370096003B /* Debug */ = {
			isa = XCBuildConfiguration;
			buildSettings = {
				ASSETCATALOG_COMPILER_APPICON_NAME = AppIcon;
				ASSETCATALOG_COMPILER_GLOBAL_ACCENT_COLOR_NAME = AccentColor;
				CODE_SIGN_STYLE = Automatic;
				CURRENT_PROJECT_VERSION = 1;
				DEVELOPMENT_ASSET_PATHS = "\"Jarrive/Preview Content\"";
				DEVELOPMENT_TEAM = QU2M8UTH92;
				ENABLE_PREVIEWS = YES;
				GENERATE_INFOPLIST_FILE = YES;
				INFOPLIST_FILE = Jarrive/Info.plist;
				INFOPLIST_KEY_UIApplicationSceneManifest_Generation = YES;
				INFOPLIST_KEY_UIApplicationSupportsIndirectInputEvents = YES;
				INFOPLIST_KEY_UILaunchStoryboardName = LaunchScreen.storyboard;
				INFOPLIST_KEY_UISupportedInterfaceOrientations_iPad = "UIInterfaceOrientationPortrait UIInterfaceOrientationPortraitUpsideDown";
				INFOPLIST_KEY_UISupportedInterfaceOrientations_iPhone = "UIInterfaceOrientationPortrait UIInterfaceOrientationLandscapeLeft UIInterfaceOrientationLandscapeRight";
				LD_RUNPATH_SEARCH_PATHS = (
					"$(inherited)",
					"@executable_path/Frameworks",
				);
				MARKETING_VERSION = 1.0;
				PRODUCT_BUNDLE_IDENTIFIER = com.example.Jarrive;
				PRODUCT_NAME = "$(TARGET_NAME)";
				SWIFT_EMIT_LOC_STRINGS = YES;
				SWIFT_VERSION = 5.0;
				TARGETED_DEVICE_FAMILY = "1,2";
			};
			name = Debug;
		};
		C0B83F8F2A312B370096003B /* Release */ = {
			isa = XCBuildConfiguration;
			buildSettings = {
				ASSETCATALOG_COMPILER_APPICON_NAME = AppIcon;
				ASSETCATALOG_COMPILER_GLOBAL_ACCENT_COLOR_NAME = AccentColor;
				CODE_SIGN_STYLE = Automatic;
				CURRENT_PROJECT_VERSION = 1;
				DEVELOPMENT_ASSET_PATHS = "\"Jarrive/Preview Content\"";
				DEVELOPMENT_TEAM = QU2M8UTH92;
				ENABLE_PREVIEWS = YES;
				GENERATE_INFOPLIST_FILE = YES;
				INFOPLIST_FILE = Jarrive/Info.plist;
				INFOPLIST_KEY_UIApplicationSceneManifest_Generation = YES;
				INFOPLIST_KEY_UIApplicationSupportsIndirectInputEvents = YES;
				INFOPLIST_KEY_UILaunchStoryboardName = LaunchScreen.storyboard;
				INFOPLIST_KEY_UISupportedInterfaceOrientations_iPad = "UIInterfaceOrientationPortrait UIInterfaceOrientationPortraitUpsideDown";
				INFOPLIST_KEY_UISupportedInterfaceOrientations_iPhone = "UIInterfaceOrientationPortrait UIInterfaceOrientationLandscapeLeft UIInterfaceOrientationLandscapeRight";
				LD_RUNPATH_SEARCH_PATHS = (
					"$(inherited)",
					"@executable_path/Frameworks",
				);
				MARKETING_VERSION = 1.0;
				PRODUCT_BUNDLE_IDENTIFIER = com.example.Jarrive;
				PRODUCT_NAME = "$(TARGET_NAME)";
				SWIFT_EMIT_LOC_STRINGS = YES;
				SWIFT_VERSION = 5.0;
				TARGETED_DEVICE_FAMILY = "1,2";
			};
			name = Release;
		};
		C0B83F912A312B370096003B /* Debug */ = {
			isa = XCBuildConfiguration;
			buildSettings = {
				ALWAYS_EMBED_SWIFT_STANDARD_LIBRARIES = YES;
				BUNDLE_LOADER = "$(TEST_HOST)";
				CODE_SIGN_STYLE = Automatic;
				CURRENT_PROJECT_VERSION = 1;
				DEVELOPMENT_TEAM = QU2M8UTH92;
				GENERATE_INFOPLIST_FILE = YES;
				IPHONEOS_DEPLOYMENT_TARGET = 16.4;
				MARKETING_VERSION = 1.0;
				PRODUCT_BUNDLE_IDENTIFIER = com.example.JarriveTests;
				PRODUCT_NAME = "$(TARGET_NAME)";
				SWIFT_EMIT_LOC_STRINGS = NO;
				SWIFT_VERSION = 5.0;
				TARGETED_DEVICE_FAMILY = "1,2";
				TEST_HOST = "$(BUILT_PRODUCTS_DIR)/Jarrive.app/$(BUNDLE_EXECUTABLE_FOLDER_PATH)/Jarrive";
			};
			name = Debug;
		};
		C0B83F922A312B370096003B /* Release */ = {
			isa = XCBuildConfiguration;
			buildSettings = {
				ALWAYS_EMBED_SWIFT_STANDARD_LIBRARIES = YES;
				BUNDLE_LOADER = "$(TEST_HOST)";
				CODE_SIGN_STYLE = Automatic;
				CURRENT_PROJECT_VERSION = 1;
				DEVELOPMENT_TEAM = QU2M8UTH92;
				GENERATE_INFOPLIST_FILE = YES;
				IPHONEOS_DEPLOYMENT_TARGET = 16.4;
				MARKETING_VERSION = 1.0;
				PRODUCT_BUNDLE_IDENTIFIER = com.example.JarriveTests;
				PRODUCT_NAME = "$(TARGET_NAME)";
				SWIFT_EMIT_LOC_STRINGS = NO;
				SWIFT_VERSION = 5.0;
				TARGETED_DEVICE_FAMILY = "1,2";
				TEST_HOST = "$(BUILT_PRODUCTS_DIR)/Jarrive.app/$(BUNDLE_EXECUTABLE_FOLDER_PATH)/Jarrive";
			};
			name = Release;
		};
		C0B83F942A312B370096003B /* Debug */ = {
			isa = XCBuildConfiguration;
			buildSettings = {
				ALWAYS_EMBED_SWIFT_STANDARD_LIBRARIES = YES;
				CODE_SIGN_STYLE = Automatic;
				CURRENT_PROJECT_VERSION = 1;
				DEVELOPMENT_TEAM = QU2M8UTH92;
				GENERATE_INFOPLIST_FILE = YES;
				MARKETING_VERSION = 1.0;
				PRODUCT_BUNDLE_IDENTIFIER = com.example.JarriveUITests;
				PRODUCT_NAME = "$(TARGET_NAME)";
				SWIFT_EMIT_LOC_STRINGS = NO;
				SWIFT_VERSION = 5.0;
				TARGETED_DEVICE_FAMILY = "1,2";
				TEST_TARGET_NAME = Jarrive;
			};
			name = Debug;
		};
		C0B83F952A312B370096003B /* Release */ = {
			isa = XCBuildConfiguration;
			buildSettings = {
				ALWAYS_EMBED_SWIFT_STANDARD_LIBRARIES = YES;
				CODE_SIGN_STYLE = Automatic;
				CURRENT_PROJECT_VERSION = 1;
				DEVELOPMENT_TEAM = QU2M8UTH92;
				GENERATE_INFOPLIST_FILE = YES;
				MARKETING_VERSION = 1.0;
				PRODUCT_BUNDLE_IDENTIFIER = com.example.JarriveUITests;
				PRODUCT_NAME = "$(TARGET_NAME)";
				SWIFT_EMIT_LOC_STRINGS = NO;
				SWIFT_VERSION = 5.0;
				TARGETED_DEVICE_FAMILY = "1,2";
				TEST_TARGET_NAME = Jarrive;
			};
			name = Release;
		};
/* End XCBuildConfiguration section */

/* Begin XCConfigurationList section */
		C0B83F642A312B340096003B /* Build configuration list for PBXProject "Jarrive" */ = {
			isa = XCConfigurationList;
			buildConfigurations = (
				C0B83F8B2A312B370096003B /* Debug */,
				C0B83F8C2A312B370096003B /* Release */,
			);
			defaultConfigurationIsVisible = 0;
			defaultConfigurationName = Release;
		};
		C0B83F8D2A312B370096003B /* Build configuration list for PBXNativeTarget "Jarrive" */ = {
			isa = XCConfigurationList;
			buildConfigurations = (
				C0B83F8E2A312B370096003B /* Debug */,
				C0B83F8F2A312B370096003B /* Release */,
			);
			defaultConfigurationIsVisible = 0;
			defaultConfigurationName = Release;
		};
		C0B83F902A312B370096003B /* Build configuration list for PBXNativeTarget "JarriveTests" */ = {
			isa = XCConfigurationList;
			buildConfigurations = (
				C0B83F912A312B370096003B /* Debug */,
				C0B83F922A312B370096003B /* Release */,
			);
			defaultConfigurationIsVisible = 0;
			defaultConfigurationName = Release;
		};
		C0B83F932A312B370096003B /* Build configuration list for PBXNativeTarget "JarriveUITests" */ = {
			isa = XCConfigurationList;
			buildConfigurations = (
				C0B83F942A312B370096003B /* Debug */,
				C0B83F952A312B370096003B /* Release */,
			);
			defaultConfigurationIsVisible = 0;
			defaultConfigurationName = Release;
		};
/* End XCConfigurationList section */

/* Begin XCRemoteSwiftPackageReference section */
		C0C1C7452A4CC32C00E1A54F /* XCRemoteSwiftPackageReference "firebase-ios-sdk" */ = {
			isa = XCRemoteSwiftPackageReference;
			repositoryURL = "https://github.com/firebase/firebase-ios-sdk";
			requirement = {
				branch = master;
				kind = branch;
			};
		};
		C0C1C7482A4CC3D600E1A54F /* XCRemoteSwiftPackageReference "GoogleSignIn-iOS" */ = {
			isa = XCRemoteSwiftPackageReference;
			repositoryURL = "https://github.com/google/GoogleSignIn-iOS";
			requirement = {
				branch = main;
				kind = branch;
			};
		};
/* End XCRemoteSwiftPackageReference section */

/* Begin XCSwiftPackageProductDependency section */
		C0C1C7462A4CC32C00E1A54F /* FirebaseAuth */ = {
			isa = XCSwiftPackageProductDependency;
			package = C0C1C7452A4CC32C00E1A54F /* XCRemoteSwiftPackageReference "firebase-ios-sdk" */;
			productName = FirebaseAuth;
		};
		C0D91C4A2A4CCD2000080072 /* GoogleSignIn */ = {
			isa = XCSwiftPackageProductDependency;
			package = C0C1C7482A4CC3D600E1A54F /* XCRemoteSwiftPackageReference "GoogleSignIn-iOS" */;
			productName = GoogleSignIn;
		};
/* End XCSwiftPackageProductDependency section */
	};
	rootObject = C0B83F612A312B340096003B /* Project object */;
}
